
Microsoft Visual Studio Solution File, Format Version 12.00
# Visual Studio Version 16
VisualStudioVersion = 16.0.31613.86
MinimumVisualStudioVersion = 10.0.40219.1
Project("{9A19103F-16F7-4668-BE54-9A1E7A4F7556}") = "ChuongTrinhHocTapChoBe", "IDproject\ChuongTrinhHocTapChoBe.csproj", "{3805406A-7D32-4090-AE47-31D21695B55A}"
EndProject
Global
	GlobalSection(SolutionConfigurationPlatforms) = preSolution
		Debug|Any CPU = Debug|Any CPU
		Release|Any CPU = Release|Any CPU
	EndGlobalSection
	GlobalSection(ProjectConfigurationPlatforms) = postSolution
		{3805406A-7D32-4090-AE47-31D21695B55A}.Debug|Any CPU.ActiveCfg = Debug|Any CPU
		{3805406A-7D32-4090-AE47-31D21695B55A}.Debug|Any CPU.Build.0 = Debug|Any CPU
		{3805406A-7D32-4090-AE47-31D21695B55A}.Release|Any CPU.ActiveCfg = Release|Any CPU
		{3805406A-7D32-4090-AE47-31D21695B55A}.Release|Any CPU.Build.0 = Release|Any CPU
	EndGlobalSection
	GlobalSection(SolutionProperties) = preSolution
		HideSolutionNode = FALSE
	EndGlobalSection
	GlobalSection(ExtensibilityGlobals) = postSolution
		SolutionGuid = {BA1EB7E0-F127-46F9-9B81-58F6DD8D2743}
	EndGlobalSection
EndGlobal
